<Project xmlns="http://schemas.microsoft.com/developer/msbuild/2003">
    <PropertyGroup>
        <ProjectGuid>{DCBE2EA6-BDF6-429E-80E5-40DDC5402694}</ProjectGuid>
        <MainSource>concept_project_mvc.dpr</MainSource>
        <Base>True</Base>
        <Config Condition="'$(Config)'==''">Debug</Config>
        <TargetedPlatforms>1</TargetedPlatforms>
        <AppType>Application</AppType>
        <FrameworkType>VCL</FrameworkType>
        <ProjectVersion>18.6</ProjectVersion>
        <Platform Condition="'$(Platform)'==''">Win32</Platform>
    </PropertyGroup>
    <PropertyGroup Condition="'$(Config)'=='Base' or '$(Base)'!=''">
        <Base>true</Base>
    </PropertyGroup>
    <PropertyGroup Condition="('$(Platform)'=='Win32' and '$(Base)'=='true') or '$(Base_Win32)'!=''">
        <Base_Win32>true</Base_Win32>
        <CfgParent>Base</CfgParent>
        <Base>true</Base>
    </PropertyGroup>
    <PropertyGroup Condition="('$(Platform)'=='Win64' and '$(Base)'=='true') or '$(Base_Win64)'!=''">
        <Base_Win64>true</Base_Win64>
        <CfgParent>Base</CfgParent>
        <Base>true</Base>
    </PropertyGroup>
    <PropertyGroup Condition="'$(Config)'=='Release' or '$(Cfg_1)'!=''">
        <Cfg_1>true</Cfg_1>
        <CfgParent>Base</CfgParent>
        <Base>true</Base>
    </PropertyGroup>
    <PropertyGroup Condition="('$(Platform)'=='Win32' and '$(Cfg_1)'=='true') or '$(Cfg_1_Win32)'!=''">
        <Cfg_1_Win32>true</Cfg_1_Win32>
        <CfgParent>Cfg_1</CfgParent>
        <Cfg_1>true</Cfg_1>
        <Base>true</Base>
    </PropertyGroup>
    <PropertyGroup Condition="'$(Config)'=='Debug' or '$(Cfg_2)'!=''">
        <Cfg_2>true</Cfg_2>
        <CfgParent>Base</CfgParent>
        <Base>true</Base>
    </PropertyGroup>
    <PropertyGroup Condition="('$(Platform)'=='Win32' and '$(Cfg_2)'=='true') or '$(Cfg_2_Win32)'!=''">
        <Cfg_2_Win32>true</Cfg_2_Win32>
        <CfgParent>Cfg_2</CfgParent>
        <Cfg_2>true</Cfg_2>
        <Base>true</Base>
    </PropertyGroup>
    <PropertyGroup Condition="'$(Base)'!=''">
        <DCC_DcuOutput>../out/dcu/</DCC_DcuOutput>
        <DCC_DcpOutput>../out/dcp/</DCC_DcpOutput>
        <DCC_BplOutput>../out/pkg/</DCC_BplOutput>
        <DCC_E>false</DCC_E>
        <DCC_F>false</DCC_F>
        <DCC_K>false</DCC_K>
        <DCC_N>false</DCC_N>
        <DCC_S>false</DCC_S>
        <DCC_ImageBase>00400000</DCC_ImageBase>
        <SanitizedProjectName>concept_project_mvc</SanitizedProjectName>
        <DCC_Namespace>Vcl;Vcl.Imaging;Vcl.Touch;Vcl.Samples;Vcl.Shell;System;Xml;Data;Datasnap;Web;Soap;$(DCC_Namespace)</DCC_Namespace>
        <VerInfo_Locale>1046</VerInfo_Locale>
        <VerInfo_Keys>CompanyName=;FileDescription=;FileVersion=1.0.0.0;InternalName=;LegalCopyright=;LegalTrademarks=;OriginalFilename=;ProductName=;ProductVersion=1.0.0.0;Comments=;CFBundleName=</VerInfo_Keys>
        <DCC_ExeOutput>../out/exe/</DCC_ExeOutput>
    </PropertyGroup>
    <PropertyGroup Condition="'$(Base_Win32)'!=''">
        <DCC_Namespace>Winapi;System.Win;Data.Win;Datasnap.Win;Web.Win;Soap.Win;Xml.Win;Bde;$(DCC_Namespace)</DCC_Namespace>
        <BT_BuildType>Debug</BT_BuildType>
        <VerInfo_IncludeVerInfo>true</VerInfo_IncludeVerInfo>
        <VerInfo_Keys>CompanyName=;FileDescription=$(MSBuildProjectName);FileVersion=1.0.0.0;InternalName=;LegalCopyright=;LegalTrademarks=;OriginalFilename=;ProductName=$(MSBuildProjectName);ProductVersion=1.0.0.0;Comments=;ProgramID=com.embarcadero.$(MSBuildProjectName)</VerInfo_Keys>
        <VerInfo_Locale>1033</VerInfo_Locale>
        <Manifest_File>$(BDS)\bin\default_app.manifest</Manifest_File>
        <AppEnableRuntimeThemes>true</AppEnableRuntimeThemes>
        <UWP_DelphiLogo44>$(BDS)\bin\Artwork\Windows\UWP\delphi_UwpDefault_44.png</UWP_DelphiLogo44>
        <UWP_DelphiLogo150>$(BDS)\bin\Artwork\Windows\UWP\delphi_UwpDefault_150.png</UWP_DelphiLogo150>
    </PropertyGroup>
    <PropertyGroup Condition="'$(Base_Win64)'!=''">
        <UWP_DelphiLogo44>$(BDS)\bin\Artwork\Windows\UWP\delphi_UwpDefault_44.png</UWP_DelphiLogo44>
        <UWP_DelphiLogo150>$(BDS)\bin\Artwork\Windows\UWP\delphi_UwpDefault_150.png</UWP_DelphiLogo150>
    </PropertyGroup>
    <PropertyGroup Condition="'$(Cfg_1)'!=''">
        <DCC_Define>RELEASE;$(DCC_Define)</DCC_Define>
        <DCC_DebugInformation>0</DCC_DebugInformation>
        <DCC_LocalDebugSymbols>false</DCC_LocalDebugSymbols>
        <DCC_SymbolReferenceInfo>0</DCC_SymbolReferenceInfo>
    </PropertyGroup>
    <PropertyGroup Condition="'$(Cfg_1_Win32)'!=''">
        <AppEnableRuntimeThemes>true</AppEnableRuntimeThemes>
        <AppDPIAwarenessMode>PerMonitorV2</AppDPIAwarenessMode>
    </PropertyGroup>
    <PropertyGroup Condition="'$(Cfg_2)'!=''">
        <DCC_Define>DEBUG;$(DCC_Define)</DCC_Define>
        <DCC_Optimize>false</DCC_Optimize>
        <DCC_GenerateStackFrames>true</DCC_GenerateStackFrames>
    </PropertyGroup>
    <PropertyGroup Condition="'$(Cfg_2_Win32)'!=''">
        <AppEnableRuntimeThemes>true</AppEnableRuntimeThemes>
        <AppDPIAwarenessMode>PerMonitorV2</AppDPIAwarenessMode>
        <VerInfo_IncludeVerInfo>true</VerInfo_IncludeVerInfo>
        <VerInfo_Locale>1033</VerInfo_Locale>
        <VerInfo_Keys>CompanyName=;FileDescription=$(MSBuildProjectName);FileVersion=1.0.0.0;InternalName=;LegalCopyright=;LegalTrademarks=;OriginalFilename=;ProductName=$(MSBuildProjectName);ProductVersion=1.0.0.0;Comments=;ProgramID=com.embarcadero.$(MSBuildProjectName)</VerInfo_Keys>
    </PropertyGroup>
    <ItemGroup>
        <DelphiCompile Include="$(MainSource)">
            <MainSource>MainSource</MainSource>
        </DelphiCompile>
        <DCCReference Include="..\..\Framework\Libraries\InterceptorLogger\Framework.Libraries.InterceptorLogger.MethodLoggerInterceptorImpl.pas"/>
        <DCCReference Include="..\..\Framework\Libraries\Framework.Libraries.InterfacedObjectInjectedAttrImpl.pas"/>
        <DCCReference Include="..\..\Framework\Libraries\Framework.Libraries.InterfacedObjectLoggableImpl.pas"/>
        <DCCReference Include="..\..\Framework\Libraries\Logging\Framework.Libraries.Logging.LoggingInitializeImpl.pas"/>
        <DCCReference Include="..\..\Framework\Libraries\Logging\Appenders\Framework.Libraries.Logging.Appenders.ConsoleAppenderImpl.pas"/>
        <DCCReference Include="..\..\Framework\Libraries\Security\Framework.Libraries.Security.SecurityControllerImpl.pas"/>
        <DCCReference Include="..\..\Framework\Libraries\Security\Framework.Libraries.Security.SecurityController.pas"/>
        <DCCReference Include="..\..\Framework\Libraries\Persistence\Framework.Libraries.Persistence.ORMPersistence.pas"/>
        <DCCReference Include="..\..\Framework\Libraries\Persistence\Framework.Libraries.Persistence.ORMPersistenceImpl.pas"/>
        <DCCReference Include="..\..\Framework\Libraries\Persistence\Framework.Libraries.Persistence.DBXAdapterImpl.pas"/>
        <DCCReference Include="..\..\Framework\Libraries\DAO\Framework.Libraries.DAO.GenericDAO.pas"/>
        <DCCReference Include="..\..\Framework\Libraries\DAO\Framework.Libraries.DAO.GenericDAOImpl.pas"/>
        <DCCReference Include="..\..\Framework\Libraries\Notification\Framework.Libraries.Notification.NotificationMessage.pas"/>
        <DCCReference Include="..\..\Framework\Libraries\Notification\Framework.Libraries.Notification.NotificationMessageImpl.pas"/>
        <DCCReference Include="..\..\Framework\Libraries\Notification\Framework.Libraries.Notification.NotificationService.pas"/>
        <DCCReference Include="..\..\Framework\Libraries\Notification\Framework.Libraries.Notification.NotificationServiceImpl.pas"/>
        <DCCReference Include="..\..\Framework\Libraries\Connection\Framework.Libraries.Connection.ConnectionFactory.pas"/>
        <DCCReference Include="..\..\Framework\Libraries\Connection\Framework.Libraries.Connection.ConnectionFactoryImpl.pas"/>
        <DCCReference Include="..\..\Framework\Libraries\UI\Framework.Libraries.UI.ViewFactoryImpl.pas"/>
        <DCCReference Include="..\..\Framework\Libraries\UI\Framework.Libraries.UI.ViewRegistryImpl.pas"/>
        <DCCReference Include="..\..\Framework\Libraries\Exceptions\Framework.Libraries.Exceptions.ExceptionsClass.pas"/>
        <DCCReference Include="..\..\Framework\Libraries\Validation\Framework.Libraries.Validation.ModelMappingImpl.pas"/>
        <DCCReference Include="..\..\Framework\Libraries\Validation\Framework.Libraries.Validation.Validator.pas"/>
        <DCCReference Include="..\..\Framework\Libraries\Validation\Framework.Libraries.Validation.ValidatorImpl.pas"/>
        <DCCReference Include="..\..\Framework\Libraries\Validation\Framework.Libraries.Validation.ExtendValidationImpl.pas"/>
        <DCCReference Include="..\..\Framework\Libraries\Validation\Framework.Libraries.Validation.ResourceStrings.pas"/>
        <DCCReference Include="..\..\Framework\Libraries\Validation\Framework.Libraries.Validation.Validate.pas"/>
        <DCCReference Include="..\..\Framework\Libraries\Validation\Framework.Libraries.Validation.ColumnTitleImpl.pas"/>
        <DCCReference Include="..\..\Framework\Libraries\Validation\Framework.Libraries.Validation.ValidateCustomAttributeImpl.pas"/>
        <DCCReference Include="..\..\Framework\Libraries\Validation\Framework.Libraries.Validation.MinLengthImpl.pas"/>
        <DCCReference Include="..\..\Framework\Libraries\Validation\Framework.Libraries.Validation.MaxLengthImpl.pas"/>
        <DCCReference Include="..\..\Framework\Libraries\Validation\Framework.Libraries.Validation.MinValueImpl.pas"/>
        <DCCReference Include="..\..\Framework\Libraries\Validation\Framework.Libraries.Validation.MaxValueImpl.pas"/>
        <DCCReference Include="..\..\Framework\Libraries\Validation\Framework.Libraries.Validation.ExactLengthImpl.pas"/>
        <DCCReference Include="..\..\Framework\Libraries\Validation\Framework.Libraries.Validation.RequiredImpl.pas"/>
        <DCCReference Include="..\..\Framework\Libraries\Validation\Framework.Libraries.Validation.IsNaturalImpl.pas"/>
        <DCCReference Include="..\..\Framework\Libraries\Validation\Framework.Libraries.Validation.IsNaturalNoZeroImpl.pas"/>
        <DCCReference Include="..\..\Framework\Libraries\Validation\Framework.Libraries.Validation.IsIntegerImpl.pas"/>
        <DCCReference Include="..\..\Framework\Libraries\Validation\Framework.Libraries.Validation.RegexValidateImpl.pas"/>
        <DCCReference Include="..\..\Framework\Libraries\Validation\Framework.Libraries.Validation.ValidEmailImpl.pas"/>
        <DCCReference Include="..\..\Framework\MVC\Controller\Framework.MVC.Controller.Initializable.pas"/>
        <DCCReference Include="..\..\Framework\MVC\controller\Framework.MVC.Controller.BaseController.pas"/>
        <DCCReference Include="..\..\Framework\mvc\controller\Framework.MVC.Controller.BaseControllerImpl.pas"/>
        <DCCReference Include="..\..\Framework\MVC\Controller\Framework.MVC.Controller.CRUDController.pas"/>
        <DCCReference Include="..\..\Framework\MVC\Controller\Framework.MVC.Controller.CRUDControllerImpl.pas"/>
        <DCCReference Include="..\..\Framework\MVC\Controller\Framework.MVC.Controller.ORMCRUDController.pas"/>
        <DCCReference Include="..\..\Framework\MVC\Controller\Framework.MVC.Controller.ORMCRUDControllerImpl.pas"/>
        <DCCReference Include="..\..\Framework\MVC\Model\Framework.MVC.Model.BaseModel.pas"/>
        <DCCReference Include="..\..\Framework\MVC\Model\Framework.MVC.Model.BaseModelImpl.pas"/>
        <DCCReference Include="..\..\Framework\MVC\View\UI\Framework.MVC.View.UI.BaseForm.pas">
            <Form>BaseFormView</Form>
        </DCCReference>
        <DCCReference Include="..\..\Framework\MVC\View\UI\Framework.MVC.View.UI.Cadastro.pas"/>
        <DCCReference Include="..\..\Framework\MVC\View\UI\Framework.MVC.View.UI.Configuracao.pas"/>
        <DCCReference Include="..\..\Framework\MVC\View\UI\Framework.MVC.View.UI.Consulta.pas">
            <Form>FormConsulta</Form>
        </DCCReference>
        <DCCReference Include="..\..\Framework\MVC\View\UI\Framework.MVC.View.UI.FormularioInterno.pas">
            <Form>FormFormularioInterno</Form>
        </DCCReference>
        <DCCReference Include="..\..\Framework\MVC\View\UI\Framework.MVC.View.UI.Processo.CRUD.pas">
            <Form>FormProcessoCRUD</Form>
        </DCCReference>
        <DCCReference Include="..\..\Framework\MVC\View\UI\Framework.MVC.View.UI.Processo.pas">
            <Form>FormProcesso</Form>
        </DCCReference>
        <DCCReference Include="..\..\Framework\MVC\View\UI\Framework.MVC.View.UI.Relatorio.pas">
            <Form>FormRelatorio</Form>
        </DCCReference>
        <DCCReference Include="..\pas\UFrmPrincipal.pas">
            <Form>FrmPrincipal</Form>
        </DCCReference>
        <DCCReference Include="..\pas\Registers\MVCDemo.Registers.RegisterViewsImpl.pas"/>
        <DCCReference Include="..\pas\Registers\MVCDemo.Registers.RegisterTypesImpl.pas"/>
        <DCCReference Include="..\pas\Controllers\CRM\MVCDemo.Controllers.CRM.PaisController.pas"/>
        <DCCReference Include="..\pas\Controllers\CRM\MVCDemo.Controllers.CRM.PaisControllerImpl.pas"/>
        <DCCReference Include="..\pas\Controllers\CRM\MVCDemo.Controllers.CRM.EstadoController.pas"/>
        <DCCReference Include="..\pas\Controllers\CRM\MVCDemo.Controllers.CRM.EstadoControllerImpl.pas"/>
        <DCCReference Include="..\pas\Controllers\CRM\MVCDemo.Controllers.CRM.MunicipioController.pas"/>
        <DCCReference Include="..\pas\Controllers\CRM\MVCDemo.Controllers.CRM.MunicipioControllerImpl.pas"/>
        <DCCReference Include="..\pas\Controllers\Comercial\MVCDemo.Controllers.Comercial.MarcaController.pas"/>
        <DCCReference Include="..\pas\Controllers\Comercial\MVCDemo.Controllers.Comercial.MarcaControllerImpl.pas"/>
        <DCCReference Include="..\pas\Models\Base\MVCDemo.Models.Base.UsuarioModel.pas"/>
        <DCCReference Include="..\pas\Models\Base\MVCDemo.Models.Base.UsuarioModelPKImpl.pas"/>
        <DCCReference Include="..\pas\Models\Base\MVCDemo.Models.Base.UsuarioModelImpl.pas"/>
        <DCCReference Include="..\pas\Models\CRM\MVCDemo.Models.CRM.PaisModel.pas"/>
        <DCCReference Include="..\pas\Models\CRM\MVCDemo.Models.CRM.PaisModelPKImpl.pas"/>
        <DCCReference Include="..\pas\Models\CRM\MVCDemo.Models.CRM.PaisModelImpl.pas"/>
        <DCCReference Include="..\pas\Models\CRM\MVCDemo.Models.CRM.EstadoModel.pas"/>
        <DCCReference Include="..\pas\Models\CRM\MVCDemo.Models.CRM.EstadoModelPKImpl.pas"/>
        <DCCReference Include="..\pas\Models\CRM\MVCDemo.Models.CRM.EstadoModelImpl.pas"/>
        <DCCReference Include="..\pas\Models\CRM\MVCDemo.Models.CRM.MunicipioModel.pas"/>
        <DCCReference Include="..\pas\Models\CRM\MVCDemo.Models.CRM.MunicipioModelPKImpl.pas"/>
        <DCCReference Include="..\pas\Models\CRM\MVCDemo.Models.CRM.MunicipioModelImpl.pas"/>
        <DCCReference Include="..\pas\Models\Comercial\MVCDemo.Models.Comercial.MarcaModel.pas"/>
        <DCCReference Include="..\pas\Models\Comercial\MVCDemo.Models.Comercial.MarcaModelPKImpl.pas"/>
        <DCCReference Include="..\pas\Models\Comercial\MVCDemo.Models.Comercial.MarcaModelImpl.pas"/>
        <DCCReference Include="..\pas\DAOs\CRM\MVCDemo.DAOs.CRM.PaisDAO.pas"/>
        <DCCReference Include="..\pas\DAOs\CRM\MVCDemo.DAOs.CRM.PaisDAOImpl.pas"/>
        <DCCReference Include="..\pas\DAOs\CRM\MVCDemo.DAOs.CRM.EstadoDAO.pas"/>
        <DCCReference Include="..\pas\DAOs\CRM\MVCDemo.DAOs.CRM.EstadoDAOImpl.pas"/>
        <DCCReference Include="..\pas\DAOs\CRM\MVCDemo.DAOs.CRM.MunicipioDAO.pas"/>
        <DCCReference Include="..\pas\DAOs\CRM\MVCDemo.DAOs.CRM.MunicipioDAOImpl.pas"/>
        <DCCReference Include="..\pas\DAOs\Comercial\MVCDemo.DAOs.Comercial.MarcaDAO.pas"/>
        <DCCReference Include="..\pas\DAOs\Comercial\MVCDemo.DAOs.Comercial.MarcaDAOImpl.pas"/>
        <DCCReference Include="..\pas\Views\CRM\MVCDemo.Views.CRM.PaisView.pas">
            <Form>FrmPaisView</Form>
        </DCCReference>
        <DCCReference Include="..\pas\Views\CRM\MVCDemo.Views.CRM.EstadoView.pas">
            <Form>FrmEstadoView</Form>
        </DCCReference>
        <DCCReference Include="..\pas\Views\CRM\MVCDemo.Views.CRM.MunicipioView.pas">
            <Form>FrmMunicipioView</Form>
        </DCCReference>
        <DCCReference Include="..\pas\Views\Comercial\MVCDemo.Views.Comercial.MarcaView.pas">
            <Form>FrmMarcaView</Form>
        </DCCReference>
        <BuildConfiguration Include="Debug">
            <Key>Cfg_2</Key>
            <CfgParent>Base</CfgParent>
        </BuildConfiguration>
        <BuildConfiguration Include="Base">
            <Key>Base</Key>
        </BuildConfiguration>
        <BuildConfiguration Include="Release">
            <Key>Cfg_1</Key>
            <CfgParent>Base</CfgParent>
        </BuildConfiguration>
    </ItemGroup>
    <ProjectExtensions>
        <Borland.Personality>Delphi.Personality.12</Borland.Personality>
        <Borland.ProjectType/>
        <BorlandProject>
            <Delphi.Personality>
                <Source>
                    <Source Name="MainSource">concept_project_mvc.dpr</Source>
                </Source>
                <Excluded_Packages>
                    <Excluded_Packages Name="D:\dsv-git\dsv-delphi\framework\componentes\sysmo\bin\Delphi 10\Win32\SysmoFastReport_10.bpl">Sysmo - FastReport</Excluded_Packages>
                    <Excluded_Packages Name="$(BDSBIN)\dclofficexp230.bpl">Microsoft Office XP Sample Automation Server Wrapper Components</Excluded_Packages>
                </Excluded_Packages>
            </Delphi.Personality>
            <Platforms>
                <Platform value="Win32">True</Platform>
                <Platform value="Win64">False</Platform>
            </Platforms>
            <Deployment Version="2">
                <DeployFile LocalName="..\out\exe\concept_project_mvc.exe" Configuration="Debug" Class="ProjectOutput">
                    <Platform Name="Win32">
                        <RemoteName>concept_project_mvc.exe</RemoteName>
                        <Overwrite>true</Overwrite>
                    </Platform>
                </DeployFile>
                <DeployClass Name="ProjectiOSDeviceResourceRules">
                    <Platform Name="iOSDevice64">
                        <Operation>1</Operation>
                    </Platform>
                    <Platform Name="iOSDevice32">
                        <Operation>1</Operation>
                    </Platform>
                </DeployClass>
                <DeployClass Name="ProjectOSXResource">
                    <Platform Name="OSX32">
                        <RemoteDir>Contents\Resources</RemoteDir>
                        <Operation>1</Operation>
                    </Platform>
                </DeployClass>
                <DeployClass Name="AndroidClassesDexFile">
                    <Platform Name="Android">
                        <RemoteDir>classes</RemoteDir>
                        <Operation>1</Operation>
                    </Platform>
                </DeployClass>
                <DeployClass Name="AdditionalDebugSymbols">
                    <Platform Name="Win32">
                        <RemoteDir>Contents\MacOS</RemoteDir>
                        <Operation>0</Operation>
                    </Platform>
                    <Platform Name="iOSSimulator">
                        <Operation>1</Operation>
                    </Platform>
                    <Platform Name="OSX32">
                        <RemoteDir>Contents\MacOS</RemoteDir>
                        <Operation>1</Operation>
                    </Platform>
                </DeployClass>
                <DeployClass Name="iPad_Launch768">
                    <Platform Name="iOSSimulator">
                        <Operation>1</Operation>
                    </Platform>
                    <Platform Name="iOSDevice64">
                        <Operation>1</Operation>
                    </Platform>
                    <Platform Name="iOSDevice32">
                        <Operation>1</Operation>
                    </Platform>
                </DeployClass>
                <DeployClass Name="Android_LauncherIcon144">
                    <Platform Name="Android">
                        <RemoteDir>res\drawable-xxhdpi</RemoteDir>
                        <Operation>1</Operation>
                    </Platform>
                </DeployClass>
                <DeployClass Name="AndroidLibnativeMipsFile">
                    <Platform Name="Android">
                        <RemoteDir>library\lib\mips</RemoteDir>
                        <Operation>1</Operation>
                    </Platform>
                </DeployClass>
                <DeployClass Required="true" Name="ProjectOutput">
                    <Platform Name="Win32">
                        <Operation>0</Operation>
                    </Platform>
                    <Platform Name="iOSDevice64">
                        <Operation>1</Operation>
                    </Platform>
                    <Platform Name="OSX32">
                        <RemoteDir>Contents\MacOS</RemoteDir>
                        <Operation>1</Operation>
                    </Platform>
                    <Platform Name="iOSDevice32">
                        <Operation>1</Operation>
                    </Platform>
                    <Platform Name="Android">
                        <RemoteDir>library\lib\armeabi-v7a</RemoteDir>
                        <Operation>1</Operation>
                    </Platform>
                    <Platform Name="iOSSimulator">
                        <Operation>1</Operation>
                    </Platform>
                </DeployClass>
                <DeployClass Name="DependencyFramework">
                    <Platform Name="Win32">
                        <Operation>0</Operation>
                    </Platform>
                    <Platform Name="OSX32">
                        <RemoteDir>Contents\MacOS</RemoteDir>
                        <Operation>1</Operation>
                        <Extensions>.framework</Extensions>
                    </Platform>
                </DeployClass>
                <DeployClass Name="iPhone_Launch640">
                    <Platform Name="iOSSimulator">
                        <Operation>1</Operation>
                    </Platform>
                    <Platform Name="iOSDevice64">
                        <Operation>1</Operation>
                    </Platform>
                    <Platform Name="iOSDevice32">
                        <Operation>1</Operation>
                    </Platform>
                </DeployClass>
                <DeployClass Name="iPad_Launch1024">
                    <Platform Name="iOSSimulator">
                        <Operation>1</Operation>
                    </Platform>
                    <Platform Name="iOSDevice64">
                        <Operation>1</Operation>
                    </Platform>
                    <Platform Name="iOSDevice32">
                        <Operation>1</Operation>
                    </Platform>
                </DeployClass>
                <DeployClass Name="ProjectiOSDeviceDebug">
                    <Platform Name="iOSDevice64">
                        <RemoteDir>..\$(PROJECTNAME).app.dSYM\Contents\Resources\DWARF</RemoteDir>
                        <Operation>1</Operation>
                    </Platform>
                    <Platform Name="iOSDevice32">
                        <RemoteDir>..\$(PROJECTNAME).app.dSYM\Contents\Resources\DWARF</RemoteDir>
                        <Operation>1</Operation>
                    </Platform>
                </DeployClass>
                <DeployClass Name="AndroidLibnativeX86File">
                    <Platform Name="Android">
                        <RemoteDir>library\lib\x86</RemoteDir>
                        <Operation>1</Operation>
                    </Platform>
                </DeployClass>
                <DeployClass Name="iPhone_Launch320">
                    <Platform Name="iOSSimulator">
                        <Operation>1</Operation>
                    </Platform>
                    <Platform Name="iOSDevice64">
                        <Operation>1</Operation>
                    </Platform>
                    <Platform Name="iOSDevice32">
                        <Operation>1</Operation>
                    </Platform>
                </DeployClass>
                <DeployClass Name="ProjectiOSInfoPList">
                    <Platform Name="iOSSimulator">
                        <Operation>1</Operation>
                    </Platform>
                    <Platform Name="iOSDevice64">
                        <Operation>1</Operation>
                    </Platform>
                    <Platform Name="iOSDevice32">
                        <Operation>1</Operation>
                    </Platform>
                </DeployClass>
                <DeployClass Name="AndroidLibnativeArmeabiFile">
                    <Platform Name="Android">
                        <RemoteDir>library\lib\armeabi</RemoteDir>
                        <Operation>1</Operation>
                    </Platform>
                </DeployClass>
                <DeployClass Name="DebugSymbols">
                    <Platform Name="Win32">
                        <Operation>0</Operation>
                    </Platform>
                    <Platform Name="iOSSimulator">
                        <Operation>1</Operation>
                    </Platform>
                    <Platform Name="OSX32">
                        <RemoteDir>Contents\MacOS</RemoteDir>
                        <Operation>1</Operation>
                    </Platform>
                </DeployClass>
                <DeployClass Name="iPad_Launch1536">
                    <Platform Name="iOSSimulator">
                        <Operation>1</Operation>
                    </Platform>
                    <Platform Name="iOSDevice64">
                        <Operation>1</Operation>
                    </Platform>
                    <Platform Name="iOSDevice32">
                        <Operation>1</Operation>
                    </Platform>
                </DeployClass>
                <DeployClass Name="Android_SplashImage470">
                    <Platform Name="Android">
                        <RemoteDir>res\drawable-normal</RemoteDir>
                        <Operation>1</Operation>
                    </Platform>
                </DeployClass>
                <DeployClass Name="Android_LauncherIcon96">
                    <Platform Name="Android">
                        <RemoteDir>res\drawable-xhdpi</RemoteDir>
                        <Operation>1</Operation>
                    </Platform>
                </DeployClass>
                <DeployClass Name="Android_SplashImage640">
                    <Platform Name="Android">
                        <RemoteDir>res\drawable-large</RemoteDir>
                        <Operation>1</Operation>
                    </Platform>
                </DeployClass>
                <DeployClass Name="iPhone_Launch640x1136">
                    <Platform Name="iOSSimulator">
                        <Operation>1</Operation>
                    </Platform>
                    <Platform Name="iOSDevice64">
                        <Operation>1</Operation>
                    </Platform>
                    <Platform Name="iOSDevice32">
                        <Operation>1</Operation>
                    </Platform>
                </DeployClass>
                <DeployClass Name="ProjectiOSEntitlements">
                    <Platform Name="iOSDevice64">
                        <RemoteDir>../</RemoteDir>
                        <Operation>1</Operation>
                    </Platform>
                    <Platform Name="iOSDevice32">
                        <RemoteDir>../</RemoteDir>
                        <Operation>1</Operation>
                    </Platform>
                </DeployClass>
                <DeployClass Name="Android_LauncherIcon72">
                    <Platform Name="Android">
                        <RemoteDir>res\drawable-hdpi</RemoteDir>
                        <Operation>1</Operation>
                    </Platform>
                </DeployClass>
                <DeployClass Name="AndroidGDBServer">
                    <Platform Name="Android">
                        <RemoteDir>library\lib\armeabi-v7a</RemoteDir>
                        <Operation>1</Operation>
                    </Platform>
                </DeployClass>
                <DeployClass Name="ProjectOSXInfoPList">
                    <Platform Name="OSX32">
                        <RemoteDir>Contents</RemoteDir>
                        <Operation>1</Operation>
                    </Platform>
                </DeployClass>
                <DeployClass Name="ProjectOSXEntitlements">
                    <Platform Name="OSX32">
                        <RemoteDir>../</RemoteDir>
                        <Operation>1</Operation>
                    </Platform>
                </DeployClass>
                <DeployClass Name="iPad_Launch2048">
                    <Platform Name="iOSSimulator">
                        <Operation>1</Operation>
                    </Platform>
                    <Platform Name="iOSDevice64">
                        <Operation>1</Operation>
                    </Platform>
                    <Platform Name="iOSDevice32">
                        <Operation>1</Operation>
                    </Platform>
                </DeployClass>
                <DeployClass Name="AndroidSplashStyles">
                    <Platform Name="Android">
                        <RemoteDir>res\values</RemoteDir>
                        <Operation>1</Operation>
                    </Platform>
                </DeployClass>
                <DeployClass Name="Android_SplashImage426">
                    <Platform Name="Android">
                        <RemoteDir>res\drawable-small</RemoteDir>
                        <Operation>1</Operation>
                    </Platform>
                </DeployClass>
                <DeployClass Name="AndroidSplashImageDef">
                    <Platform Name="Android">
                        <RemoteDir>res\drawable</RemoteDir>
                        <Operation>1</Operation>
                    </Platform>
                </DeployClass>
                <DeployClass Name="ProjectiOSResource">
                    <Platform Name="iOSSimulator">
                        <Operation>1</Operation>
                    </Platform>
                    <Platform Name="iOSDevice64">
                        <Operation>1</Operation>
                    </Platform>
                    <Platform Name="iOSDevice32">
                        <Operation>1</Operation>
                    </Platform>
                </DeployClass>
                <DeployClass Name="ProjectAndroidManifest">
                    <Platform Name="Android">
                        <Operation>1</Operation>
                    </Platform>
                </DeployClass>
                <DeployClass Name="Android_DefaultAppIcon">
                    <Platform Name="Android">
                        <RemoteDir>res\drawable</RemoteDir>
                        <Operation>1</Operation>
                    </Platform>
                </DeployClass>
                <DeployClass Name="File">
                    <Platform Name="Win32">
                        <Operation>0</Operation>
                    </Platform>
                    <Platform Name="iOSDevice64">
                        <Operation>0</Operation>
                    </Platform>
                    <Platform Name="OSX32">
                        <RemoteDir>Contents\Resources\StartUp\</RemoteDir>
                        <Operation>0</Operation>
                    </Platform>
                    <Platform Name="iOSDevice32">
                        <Operation>0</Operation>
                    </Platform>
                    <Platform Name="Android">
                        <Operation>0</Operation>
                    </Platform>
                    <Platform Name="iOSSimulator">
                        <Operation>0</Operation>
                    </Platform>
                </DeployClass>
                <DeployClass Name="AndroidServiceOutput">
                    <Platform Name="Android">
                        <RemoteDir>library\lib\armeabi-v7a</RemoteDir>
                        <Operation>1</Operation>
                    </Platform>
                </DeployClass>
                <DeployClass Required="true" Name="DependencyPackage">
                    <Platform Name="Win32">
                        <Operation>0</Operation>
                        <Extensions>.bpl</Extensions>
                    </Platform>
                    <Platform Name="iOSDevice64">
                        <Operation>1</Operation>
                        <Extensions>.dylib</Extensions>
                    </Platform>
                    <Platform Name="OSX32">
                        <RemoteDir>Contents\MacOS</RemoteDir>
                        <Operation>1</Operation>
                        <Extensions>.dylib</Extensions>
                    </Platform>
                    <Platform Name="iOSDevice32">
                        <Operation>1</Operation>
                        <Extensions>.dylib</Extensions>
                    </Platform>
                    <Platform Name="iOSSimulator">
                        <Operation>1</Operation>
                        <Extensions>.dylib</Extensions>
                    </Platform>
                </DeployClass>
                <DeployClass Name="Android_LauncherIcon48">
                    <Platform Name="Android">
                        <RemoteDir>res\drawable-mdpi</RemoteDir>
                        <Operation>1</Operation>
                    </Platform>
                </DeployClass>
                <DeployClass Name="Android_SplashImage960">
                    <Platform Name="Android">
                        <RemoteDir>res\drawable-xlarge</RemoteDir>
                        <Operation>1</Operation>
                    </Platform>
                </DeployClass>
                <DeployClass Name="Android_LauncherIcon36">
                    <Platform Name="Android">
                        <RemoteDir>res\drawable-ldpi</RemoteDir>
                        <Operation>1</Operation>
                    </Platform>
                </DeployClass>
                <DeployClass Name="DependencyModule">
                    <Platform Name="Win32">
                        <Operation>0</Operation>
                        <Extensions>.dll;.bpl</Extensions>
                    </Platform>
                    <Platform Name="iOSDevice64">
                        <Operation>1</Operation>
                        <Extensions>.dylib</Extensions>
                    </Platform>
                    <Platform Name="OSX32">
                        <RemoteDir>Contents\MacOS</RemoteDir>
                        <Operation>1</Operation>
                        <Extensions>.dylib</Extensions>
                    </Platform>
                    <Platform Name="iOSDevice32">
                        <Operation>1</Operation>
                        <Extensions>.dylib</Extensions>
                    </Platform>
                    <Platform Name="iOSSimulator">
                        <Operation>1</Operation>
                        <Extensions>.dylib</Extensions>
                    </Platform>
                </DeployClass>
                <ProjectRoot Platform="iOSDevice64" Name="$(PROJECTNAME).app"/>
                <ProjectRoot Platform="Win64" Name="$(PROJECTNAME)"/>
                <ProjectRoot Platform="iOSDevice32" Name="$(PROJECTNAME).app"/>
                <ProjectRoot Platform="Win32" Name="$(PROJECTNAME)"/>
                <ProjectRoot Platform="OSX32" Name="$(PROJECTNAME).app"/>
                <ProjectRoot Platform="Android" Name="$(PROJECTNAME)"/>
                <ProjectRoot Platform="iOSSimulator" Name="$(PROJECTNAME).app"/>
            </Deployment>
        </BorlandProject>
        <ProjectFileVersion>12</ProjectFileVersion>
    </ProjectExtensions>
    <Import Project="$(BDS)\Bin\CodeGear.Delphi.Targets" Condition="Exists('$(BDS)\Bin\CodeGear.Delphi.Targets')"/>
    <Import Project="$(APPDATA)\Embarcadero\$(BDSAPPDATABASEDIR)\$(PRODUCTVERSION)\UserTools.proj" Condition="Exists('$(APPDATA)\Embarcadero\$(BDSAPPDATABASEDIR)\$(PRODUCTVERSION)\UserTools.proj')"/>
    <Import Project="$(MSBuildProjectName).deployproj" Condition="Exists('$(MSBuildProjectName).deployproj')"/>
</Project>
